{
  "name": "xmpp-server",
  "version": "1.0.0",
  "lockfileVersion": 3,
  "requires": true,
  "packages": {
    "": {
      "name": "xmpp-server",
      "version": "1.0.0",
      "license": "ISC",
      "dependencies": {
        "node-xmpp-server": "^2.2.7"
      }
    },
    "node_modules/@xmpp/jid": {
      "version": "0.0.2",
      "resolved": "https://registry.npmjs.org/@xmpp/jid/-/jid-0.0.2.tgz",
      "integrity": "sha512-z8riWz40gZF1xg0QYi/dA+hYLb3LAkugvfWac49X4YU/+nGu1pstB7oR6G7PCTOzZaFlZDbu699fyfBlcJfgNw=="
    },
    "node_modules/@xmpp/streamparser": {
      "version": "0.0.6",
      "resolved": "https://registry.npmjs.org/@xmpp/streamparser/-/streamparser-0.0.6.tgz",
      "integrity": "sha512-Kt5kkH3b0YNAzfRGww60dXo78D+yVItTw3GvSgwOj6LMPpKevVWrRf0r76Dd+krBQ9Gr4SAnVi0kInGfEpOUTA==",
      "dependencies": {
        "@xmpp/xml": "^0.1.3",
        "inherits": "^2.0.3",
        "ltx": "^2.5.0"
      }
    },
    "node_modules/@xmpp/xml": {
      "version": "0.1.3",
      "resolved": "https://registry.npmjs.org/@xmpp/xml/-/xml-0.1.3.tgz",
      "integrity": "sha512-FI/C+isEGhL8JLXJLIEWPWIysLHnDAW27k993Iwly+rPz/A3kiQYGz3W/0jNJJjLbBbeZPhfjpSB9MXM8j2PDQ==",
      "dependencies": {
        "inherits": "^2.0.3",
        "ltx": "^2.6.2"
      }
    },
    "node_modules/backoff": {
      "version": "2.3.0",
      "resolved": "https://registry.npmjs.org/backoff/-/backoff-2.3.0.tgz",
      "integrity": "sha512-ljr33cUQ/vyXE/60QuRO+WKGW4PzQ5OTWNXPWQwOTx5gh43q0pZocaVyXoU2gvFtasMIdIohdm9s01qoT6IJBQ==",
      "engines": {
        "node": ">= 0.6"
      }
    },
    "node_modules/debug": {
      "version": "2.6.9",
      "resolved": "https://registry.npmjs.org/debug/-/debug-2.6.9.tgz",
      "integrity": "sha512-bC7ElrdJaJnPbAP+1EotYvqZsb3ecl5wi6Bfi6BJTUcNowp6cvspg0jXznRTKDjm/E7AdgFBVeAPVMNcKGsHMA==",
      "dependencies": {
        "ms": "2.0.0"
      }
    },
    "node_modules/hat": {
      "version": "0.0.3",
      "resolved": "https://registry.npmjs.org/hat/-/hat-0.0.3.tgz",
      "integrity": "sha512-zpImx2GoKXy42fVDSEad2BPKuSQdLcqsCYa48K3zHSzM/ugWuYjLDr8IXxpVuL7uCLHw56eaiLxCRthhOzf5ug==",
      "engines": {
        "node": "*"
      }
    },
    "node_modules/inherits": {
      "version": "2.0.4",
      "resolved": "https://registry.npmjs.org/inherits/-/inherits-2.0.4.tgz",
      "integrity": "sha512-k/vGaX4/Yla3WzyMCvTQOXYeIHvqOKtnqBduzTHpzpQZzAskKMhZ2K+EnBiSM9zGSoIFeMpXKxa4dYeZIQqewQ=="
    },
    "node_modules/lodash.assign": {
      "version": "4.2.0",
      "resolved": "https://registry.npmjs.org/lodash.assign/-/lodash.assign-4.2.0.tgz",
      "integrity": "sha512-hFuH8TY+Yji7Eja3mGiuAxBqLagejScbG8GbG0j6o9vzn0YL14My+ktnqtZgFTosKymC9/44wP6s7xyuLfnClw=="
    },
    "node_modules/ltx": {
      "version": "2.10.0",
      "resolved": "https://registry.npmjs.org/ltx/-/ltx-2.10.0.tgz",
      "integrity": "sha512-RB4zR6Mrp/0wTNS9WxMvpgfht/7u/8QAC9DpPD19opL/4OASPa28uoliFqeDkLUU8pQ4aeAfATBZmz1aSAHkMw==",
      "dependencies": {
        "inherits": "^2.0.4"
      }
    },
    "node_modules/ms": {
      "version": "2.0.0",
      "resolved": "https://registry.npmjs.org/ms/-/ms-2.0.0.tgz",
      "integrity": "sha512-Tpp60P6IUJDTuOq/5Z8cdskzJujfwqfOTkrwIwj7IRISpnkJnT6SyJ4PCPnGMoFjC9ddhal5KVIYtAt97ix05A=="
    },
    "node_modules/node-xmpp-core": {
      "version": "5.0.9",
      "resolved": "https://registry.npmjs.org/node-xmpp-core/-/node-xmpp-core-5.0.9.tgz",
      "integrity": "sha512-F1ODQf95i3H9VLhDgAkbPti4T8uk8bgOeATQ0dSfAJVbvrJZYVGPC/SzGreYXgQmV65b7lxHqejzhSBtYpxc4Q==",
      "deprecated": "this package is deprecated please use https://github.com/xmppjs/xmpp.js",
      "dependencies": {
        "@xmpp/jid": "^0.0.2",
        "@xmpp/streamparser": "^0.0.6",
        "@xmpp/xml": "^0.1.3",
        "debug": "^2.2.0",
        "inherits": "^2.0.1",
        "lodash.assign": "^4.0.0",
        "node-xmpp-tls-connect": "^1.0.1",
        "reconnect-core": "https://github.com/dodo/reconnect-core/tarball/merged"
      }
    },
    "node_modules/node-xmpp-server": {
      "version": "2.2.7",
      "resolved": "https://registry.npmjs.org/node-xmpp-server/-/node-xmpp-server-2.2.7.tgz",
      "integrity": "sha512-Ut3dVm3iNsOYJbEV4odVh3C4gQBCAuns95CWMLNw0KYJB/+onF+hUDAGA5OyE4K94mfB2V9J+z+DQRBF9U1+3g==",
      "deprecated": "node-xmpp has been discontinued in favor of https://github.com/xmppjs/xmpp.js",
      "dependencies": {
        "debug": "^2.2.0",
        "hat": "^0.0.3",
        "node-xmpp-core": "^5.0.9",
        "ws": "^1.1.1"
      }
    },
    "node_modules/node-xmpp-tls-connect": {
      "version": "1.0.1",
      "resolved": "https://registry.npmjs.org/node-xmpp-tls-connect/-/node-xmpp-tls-connect-1.0.1.tgz",
      "integrity": "sha512-tDN4ZBb8rDzlvZHQdYHW4NVPs4mZZYQPtv8anAb7ff8Un0mIid3cVxEfUr7COZfMeB5+YvSUz8Zutr1A+/v9LQ==",
      "deprecated": "this package is deprecated please use https://github.com/xmppjs/xmpp.js"
    },
    "node_modules/options": {
      "version": "0.0.6",
      "resolved": "https://registry.npmjs.org/options/-/options-0.0.6.tgz",
      "integrity": "sha512-bOj3L1ypm++N+n7CEbbe473A414AB7z+amKYshRb//iuL3MpdDCLhPnw6aVTdKB9g5ZRVHIEp8eUln6L2NUStg==",
      "engines": {
        "node": ">=0.4.0"
      }
    },
    "node_modules/reconnect-core": {
      "version": "0.0.1",
      "resolved": "https://github.com/dodo/reconnect-core/tarball/merged",
      "integrity": "sha512-wZK/v5ZaNaSUs2Wnwh2YSX/Jqv6bQHKNEwojdzV11tByKziR9ikOssf5tvUhx+8/oCBz6AakOFAjZuqPoiRHJQ==",
      "license": "MIT",
      "dependencies": {
        "backoff": "~2.3.0"
      }
    },
    "node_modules/ultron": {
      "version": "1.0.2",
      "resolved": "https://registry.npmjs.org/ultron/-/ultron-1.0.2.tgz",
      "integrity": "sha512-QMpnpVtYaWEeY+MwKDN/UdKlE/LsFZXM5lO1u7GaZzNgmIbGixHEmVMIKT+vqYOALu3m5GYQy9kz4Xu4IVn7Ow=="
    },
    "node_modules/ws": {
      "version": "1.1.5",
      "resolved": "https://registry.npmjs.org/ws/-/ws-1.1.5.tgz",
      "integrity": "sha512-o3KqipXNUdS7wpQzBHSe180lBGO60SoK0yVo3CYJgb2MkobuWuBX6dhkYP5ORCLd55y+SaflMOV5fqAB53ux4w==",
      "dependencies": {
        "options": ">=0.0.5",
        "ultron": "1.0.x"
      }
    }
  }
}
